
Microsoft Visual Studio Solution File, Format Version 12.00
# Visual Studio 2012
Project("{FAE04EC0-301F-11D3-BF4B-00C04F79EFBC}") = "Login51CTO", "Login51CTO\Login51CTO.csproj", "{384E412D-F722-49A8-A1D4-558E71879031}"
EndProject
Project("{FAE04EC0-301F-11D3-BF4B-00C04F79EFBC}") = "TestSite", "TestSite\TestSite.csproj", "{46C78D5C-42D4-4A22-A944-631C425DA15F}"
EndProject
Global
	GlobalSection(SolutionConfigurationPlatforms) = preSolution
		Debug|Any CPU = Debug|Any CPU
		Release|Any CPU = Release|Any CPU
	EndGlobalSection
	GlobalSection(ProjectConfigurationPlatforms) = postSolution
		{384E412D-F722-49A8-A1D4-558E71879031}.Debug|Any CPU.ActiveCfg = Debug|Any CPU
		{384E412D-F722-49A8-A1D4-558E71879031}.Debug|Any CPU.Build.0 = Debug|Any CPU
		{384E412D-F722-49A8-A1D4-558E71879031}.Release|Any CPU.ActiveCfg = Release|Any CPU
		{384E412D-F722-49A8-A1D4-558E71879031}.Release|Any CPU.Build.0 = Release|Any CPU
		{46C78D5C-42D4-4A22-A944-631C425DA15F}.Debug|Any CPU.ActiveCfg = Debug|Any CPU
		{46C78D5C-42D4-4A22-A944-631C425DA15F}.Debug|Any CPU.Build.0 = Debug|Any CPU
		{46C78D5C-42D4-4A22-A944-631C425DA15F}.Release|Any CPU.ActiveCfg = Release|Any CPU
		{46C78D5C-42D4-4A22-A944-631C425DA15F}.Release|Any CPU.Build.0 = Release|Any CPU
	EndGlobalSection
	GlobalSection(SolutionProperties) = preSolution
		HideSolutionNode = FALSE
	EndGlobalSection
EndGlobal
