
Microsoft Visual Studio Solution File, Format Version 12.00
# Visual Studio 2012
Project("{2150E333-8FDC-42A3-9474-1A3956D46DE8}") = "Uni2uni.ERP.Framework", "Uni2uni.ERP.Framework", "{D51696D2-D68D-409E-8E67-9A93A4C5147C}"
EndProject
Project("{FAE04EC0-301F-11D3-BF4B-00C04F79EFBC}") = "Uni2uni.ERP.NHibernate", "Uni2uni.ERP.NHibernate\Uni2uni.ERP.NHibernate.csproj", "{C19EA87B-D644-46E7-A6E5-B31B32D4D297}"
EndProject
Project("{FAE04EC0-301F-11D3-BF4B-00C04F79EFBC}") = "Uni2uni.ERP.Common", "Uni2uni.ERP.Common\Uni2uni.ERP.Common.csproj", "{E0E160C5-8A54-479E-AD27-918521ED0E57}"
EndProject
Project("{FAE04EC0-301F-11D3-BF4B-00C04F79EFBC}") = "Uni2uni.ERP.Cache", "Uni2uni.ERP.Cache\Uni2uni.ERP.Cache.csproj", "{283ABCFF-4C86-407C-ADF5-226FBDEEDBD5}"
EndProject
Project("{FAE04EC0-301F-11D3-BF4B-00C04F79EFBC}") = "Uni2uni.ERP.Global", "Uni2uni.ERP.Global\Uni2uni.ERP.Global.csproj", "{73763488-AE44-45E9-8B66-51D58D03F374}"
EndProject
Project("{2150E333-8FDC-42A3-9474-1A3956D46DE8}") = "Uni2uni.ERP.Infrastructure", "Uni2uni.ERP.Infrastructure", "{04F94A16-3373-48A0-9E1D-4E349F0C755B}"
EndProject
Project("{2150E333-8FDC-42A3-9474-1A3956D46DE8}") = "Uni2uni.ERP.Service", "Uni2uni.ERP.Service", "{5B8D6615-B71C-488F-BBA4-3C60F4ECF581}"
EndProject
Project("{2150E333-8FDC-42A3-9474-1A3956D46DE8}") = "Uni2uni.ERP.Domain", "Uni2uni.ERP.Domain", "{B4808FD0-6A79-4F7F-80B3-6DE9B62CDBC7}"
EndProject
Project("{FAE04EC0-301F-11D3-BF4B-00C04F79EFBC}") = "Uni2uni.ERP.Domain", "Uni2uni.ERP.Domain\Uni2uni.ERP.Domain.csproj", "{79C97E8B-7D19-402A-88A6-36F1A803F36E}"
EndProject
Project("{FAE04EC0-301F-11D3-BF4B-00C04F79EFBC}") = "Uni2uni.ERP.NHiberantMap", "Uni2uni.ERP.NHiberantMap\Uni2uni.ERP.NHiberantMap.csproj", "{67B939B1-2F77-49CE-9E1D-958D1E34B466}"
EndProject
Project("{FAE04EC0-301F-11D3-BF4B-00C04F79EFBC}") = "Uni2uni.ERP.Configuration", "Uni2uni.ERP.Configuration\Uni2uni.ERP.Configuration.csproj", "{F0A6B3AA-41F2-4573-B09E-03B28E032386}"
EndProject
Project("{FAE04EC0-301F-11D3-BF4B-00C04F79EFBC}") = "Uni2uni.ERP.Resource", "Uni2uni.ERP.Resource\Uni2uni.ERP.Resource.csproj", "{3E1C5A32-8F43-4979-B67C-E28EF459DB75}"
EndProject
Project("{FAE04EC0-301F-11D3-BF4B-00C04F79EFBC}") = "Uni2uni.ERP.Service", "Uni2uni.ERP.Service\Uni2uni.ERP.Service.csproj", "{6362E0BF-4D42-4E9A-B106-DAC30C78E132}"
EndProject
Project("{FAE04EC0-301F-11D3-BF4B-00C04F79EFBC}") = "Uni2uni.ERP.Bll", "Uni2uni.ERP.Bll\Uni2uni.ERP.Bll.csproj", "{30F244ED-C082-495C-AA6D-628C877DEB52}"
EndProject
Project("{FAE04EC0-301F-11D3-BF4B-00C04F79EFBC}") = "JUnit", "JUnit\JUnit.csproj", "{2289FFE3-BCE7-4B65-8DF7-4ADF91A4EAE4}"
EndProject
Project("{FAE04EC0-301F-11D3-BF4B-00C04F79EFBC}") = "Uni2uni.ERP.Infrastructure", "Uni2uni.ERP.Infrastructure\Uni2uni.ERP.Infrastructure.csproj", "{12F2DFD5-E94B-4309-886D-2765A15655CB}"
EndProject
Project("{FAE04EC0-301F-11D3-BF4B-00C04F79EFBC}") = "Uni2uni.ERP.IInfrastructure", "Uni2uni.ERP.IInfrastructure\Uni2uni.ERP.IInfrastructure.csproj", "{069D8F95-53B2-4E24-82F7-058E18743539}"
EndProject
Project("{FAE04EC0-301F-11D3-BF4B-00C04F79EFBC}") = "Uni2uni.ERP.IService", "Uni2uni.ERP.IService\Uni2uni.ERP.IService.csproj", "{8C144D8B-4B20-4B5A-AA33-3DEE03086DF0}"
EndProject
Project("{FAE04EC0-301F-11D3-BF4B-00C04F79EFBC}") = "Uni2uni.ERP.Unity", "Uni2uni.ERP.Unity\Uni2uni.ERP.Unity.csproj", "{7F41CF82-4FEC-4810-8129-8BD4B6CF94F1}"
EndProject
Project("{2150E333-8FDC-42A3-9474-1A3956D46DE8}") = "Uni2Uni.ERP.Main.UI", "Uni2Uni.ERP.Main.UI", "{A64764EA-EE8C-40C4-96D4-84A139DAB4E9}"
EndProject
Project("{FAE04EC0-301F-11D3-BF4B-00C04F79EFBC}") = "Uni2Uni.ERP.IOC", "Uni2Uni.ERP.IOC\Uni2Uni.ERP.IOC.csproj", "{038AC762-4A30-4C41-84B5-44053190FB3C}"
EndProject
Project("{FAE04EC0-301F-11D3-BF4B-00C04F79EFBC}") = "Uni2Uni.ERP.AOP", "Uni2Uni.ERP.AOP\Uni2Uni.ERP.AOP.csproj", "{4B2C6DF9-CBA2-4894-935C-DEAB4CBD8233}"
EndProject
Project("{FAE04EC0-301F-11D3-BF4B-00C04F79EFBC}") = "Uni2Uni.ERP.Web.Main", "Uni2Uni.ERP.Web.Main\Uni2Uni.ERP.Web.Main.csproj", "{2BFB4908-81D6-43C8-9DDB-074B9554F50A}"
EndProject
Project("{FAE04EC0-301F-11D3-BF4B-00C04F79EFBC}") = "Uni2Uni.ERP.Controllers", "Uni2Uni.ERP.Controllers\Uni2Uni.ERP.Controllers.csproj", "{56550DA9-7B07-4978-91A5-2DE92FCB201A}"
EndProject
Project("{FAE04EC0-301F-11D3-BF4B-00C04F79EFBC}") = "Uni2Uni.ERP.Models", "Uni2Uni.ERP.Models\Uni2Uni.ERP.Models.csproj", "{16E07D14-EBFF-4A43-9C48-87FE25E88E28}"
EndProject
Global
	GlobalSection(SolutionConfigurationPlatforms) = preSolution
		Debug|Any CPU = Debug|Any CPU
		Release|Any CPU = Release|Any CPU
	EndGlobalSection
	GlobalSection(ProjectConfigurationPlatforms) = postSolution
		{C19EA87B-D644-46E7-A6E5-B31B32D4D297}.Debug|Any CPU.ActiveCfg = Debug|Any CPU
		{C19EA87B-D644-46E7-A6E5-B31B32D4D297}.Debug|Any CPU.Build.0 = Debug|Any CPU
		{C19EA87B-D644-46E7-A6E5-B31B32D4D297}.Release|Any CPU.ActiveCfg = Release|Any CPU
		{C19EA87B-D644-46E7-A6E5-B31B32D4D297}.Release|Any CPU.Build.0 = Release|Any CPU
		{E0E160C5-8A54-479E-AD27-918521ED0E57}.Debug|Any CPU.ActiveCfg = Debug|Any CPU
		{E0E160C5-8A54-479E-AD27-918521ED0E57}.Debug|Any CPU.Build.0 = Debug|Any CPU
		{E0E160C5-8A54-479E-AD27-918521ED0E57}.Release|Any CPU.ActiveCfg = Release|Any CPU
		{E0E160C5-8A54-479E-AD27-918521ED0E57}.Release|Any CPU.Build.0 = Release|Any CPU
		{283ABCFF-4C86-407C-ADF5-226FBDEEDBD5}.Debug|Any CPU.ActiveCfg = Debug|Any CPU
		{283ABCFF-4C86-407C-ADF5-226FBDEEDBD5}.Debug|Any CPU.Build.0 = Debug|Any CPU
		{283ABCFF-4C86-407C-ADF5-226FBDEEDBD5}.Release|Any CPU.ActiveCfg = Release|Any CPU
		{283ABCFF-4C86-407C-ADF5-226FBDEEDBD5}.Release|Any CPU.Build.0 = Release|Any CPU
		{73763488-AE44-45E9-8B66-51D58D03F374}.Debug|Any CPU.ActiveCfg = Debug|Any CPU
		{73763488-AE44-45E9-8B66-51D58D03F374}.Debug|Any CPU.Build.0 = Debug|Any CPU
		{73763488-AE44-45E9-8B66-51D58D03F374}.Release|Any CPU.ActiveCfg = Release|Any CPU
		{73763488-AE44-45E9-8B66-51D58D03F374}.Release|Any CPU.Build.0 = Release|Any CPU
		{79C97E8B-7D19-402A-88A6-36F1A803F36E}.Debug|Any CPU.ActiveCfg = Debug|Any CPU
		{79C97E8B-7D19-402A-88A6-36F1A803F36E}.Debug|Any CPU.Build.0 = Debug|Any CPU
		{79C97E8B-7D19-402A-88A6-36F1A803F36E}.Release|Any CPU.ActiveCfg = Release|Any CPU
		{79C97E8B-7D19-402A-88A6-36F1A803F36E}.Release|Any CPU.Build.0 = Release|Any CPU
		{67B939B1-2F77-49CE-9E1D-958D1E34B466}.Debug|Any CPU.ActiveCfg = Debug|Any CPU
		{67B939B1-2F77-49CE-9E1D-958D1E34B466}.Debug|Any CPU.Build.0 = Debug|Any CPU
		{67B939B1-2F77-49CE-9E1D-958D1E34B466}.Release|Any CPU.ActiveCfg = Release|Any CPU
		{67B939B1-2F77-49CE-9E1D-958D1E34B466}.Release|Any CPU.Build.0 = Release|Any CPU
		{F0A6B3AA-41F2-4573-B09E-03B28E032386}.Debug|Any CPU.ActiveCfg = Debug|Any CPU
		{F0A6B3AA-41F2-4573-B09E-03B28E032386}.Debug|Any CPU.Build.0 = Debug|Any CPU
		{F0A6B3AA-41F2-4573-B09E-03B28E032386}.Release|Any CPU.ActiveCfg = Release|Any CPU
		{F0A6B3AA-41F2-4573-B09E-03B28E032386}.Release|Any CPU.Build.0 = Release|Any CPU
		{3E1C5A32-8F43-4979-B67C-E28EF459DB75}.Debug|Any CPU.ActiveCfg = Debug|Any CPU
		{3E1C5A32-8F43-4979-B67C-E28EF459DB75}.Debug|Any CPU.Build.0 = Debug|Any CPU
		{3E1C5A32-8F43-4979-B67C-E28EF459DB75}.Release|Any CPU.ActiveCfg = Release|Any CPU
		{3E1C5A32-8F43-4979-B67C-E28EF459DB75}.Release|Any CPU.Build.0 = Release|Any CPU
		{6362E0BF-4D42-4E9A-B106-DAC30C78E132}.Debug|Any CPU.ActiveCfg = Debug|Any CPU
		{6362E0BF-4D42-4E9A-B106-DAC30C78E132}.Debug|Any CPU.Build.0 = Debug|Any CPU
		{6362E0BF-4D42-4E9A-B106-DAC30C78E132}.Release|Any CPU.ActiveCfg = Release|Any CPU
		{6362E0BF-4D42-4E9A-B106-DAC30C78E132}.Release|Any CPU.Build.0 = Release|Any CPU
		{30F244ED-C082-495C-AA6D-628C877DEB52}.Debug|Any CPU.ActiveCfg = Debug|Any CPU
		{30F244ED-C082-495C-AA6D-628C877DEB52}.Debug|Any CPU.Build.0 = Debug|Any CPU
		{30F244ED-C082-495C-AA6D-628C877DEB52}.Release|Any CPU.ActiveCfg = Release|Any CPU
		{30F244ED-C082-495C-AA6D-628C877DEB52}.Release|Any CPU.Build.0 = Release|Any CPU
		{2289FFE3-BCE7-4B65-8DF7-4ADF91A4EAE4}.Debug|Any CPU.ActiveCfg = Debug|Any CPU
		{2289FFE3-BCE7-4B65-8DF7-4ADF91A4EAE4}.Debug|Any CPU.Build.0 = Debug|Any CPU
		{2289FFE3-BCE7-4B65-8DF7-4ADF91A4EAE4}.Release|Any CPU.ActiveCfg = Release|Any CPU
		{2289FFE3-BCE7-4B65-8DF7-4ADF91A4EAE4}.Release|Any CPU.Build.0 = Release|Any CPU
		{12F2DFD5-E94B-4309-886D-2765A15655CB}.Debug|Any CPU.ActiveCfg = Debug|Any CPU
		{12F2DFD5-E94B-4309-886D-2765A15655CB}.Debug|Any CPU.Build.0 = Debug|Any CPU
		{12F2DFD5-E94B-4309-886D-2765A15655CB}.Release|Any CPU.ActiveCfg = Release|Any CPU
		{12F2DFD5-E94B-4309-886D-2765A15655CB}.Release|Any CPU.Build.0 = Release|Any CPU
		{069D8F95-53B2-4E24-82F7-058E18743539}.Debug|Any CPU.ActiveCfg = Debug|Any CPU
		{069D8F95-53B2-4E24-82F7-058E18743539}.Debug|Any CPU.Build.0 = Debug|Any CPU
		{069D8F95-53B2-4E24-82F7-058E18743539}.Release|Any CPU.ActiveCfg = Release|Any CPU
		{069D8F95-53B2-4E24-82F7-058E18743539}.Release|Any CPU.Build.0 = Release|Any CPU
		{8C144D8B-4B20-4B5A-AA33-3DEE03086DF0}.Debug|Any CPU.ActiveCfg = Debug|Any CPU
		{8C144D8B-4B20-4B5A-AA33-3DEE03086DF0}.Debug|Any CPU.Build.0 = Debug|Any CPU
		{8C144D8B-4B20-4B5A-AA33-3DEE03086DF0}.Release|Any CPU.ActiveCfg = Release|Any CPU
		{8C144D8B-4B20-4B5A-AA33-3DEE03086DF0}.Release|Any CPU.Build.0 = Release|Any CPU
		{7F41CF82-4FEC-4810-8129-8BD4B6CF94F1}.Debug|Any CPU.ActiveCfg = Debug|Any CPU
		{7F41CF82-4FEC-4810-8129-8BD4B6CF94F1}.Debug|Any CPU.Build.0 = Debug|Any CPU
		{7F41CF82-4FEC-4810-8129-8BD4B6CF94F1}.Release|Any CPU.ActiveCfg = Release|Any CPU
		{7F41CF82-4FEC-4810-8129-8BD4B6CF94F1}.Release|Any CPU.Build.0 = Release|Any CPU
		{038AC762-4A30-4C41-84B5-44053190FB3C}.Debug|Any CPU.ActiveCfg = Debug|Any CPU
		{038AC762-4A30-4C41-84B5-44053190FB3C}.Debug|Any CPU.Build.0 = Debug|Any CPU
		{038AC762-4A30-4C41-84B5-44053190FB3C}.Release|Any CPU.ActiveCfg = Release|Any CPU
		{038AC762-4A30-4C41-84B5-44053190FB3C}.Release|Any CPU.Build.0 = Release|Any CPU
		{4B2C6DF9-CBA2-4894-935C-DEAB4CBD8233}.Debug|Any CPU.ActiveCfg = Debug|Any CPU
		{4B2C6DF9-CBA2-4894-935C-DEAB4CBD8233}.Debug|Any CPU.Build.0 = Debug|Any CPU
		{4B2C6DF9-CBA2-4894-935C-DEAB4CBD8233}.Release|Any CPU.ActiveCfg = Release|Any CPU
		{4B2C6DF9-CBA2-4894-935C-DEAB4CBD8233}.Release|Any CPU.Build.0 = Release|Any CPU
		{2BFB4908-81D6-43C8-9DDB-074B9554F50A}.Debug|Any CPU.ActiveCfg = Debug|Any CPU
		{2BFB4908-81D6-43C8-9DDB-074B9554F50A}.Debug|Any CPU.Build.0 = Debug|Any CPU
		{2BFB4908-81D6-43C8-9DDB-074B9554F50A}.Release|Any CPU.ActiveCfg = Release|Any CPU
		{2BFB4908-81D6-43C8-9DDB-074B9554F50A}.Release|Any CPU.Build.0 = Release|Any CPU
		{56550DA9-7B07-4978-91A5-2DE92FCB201A}.Debug|Any CPU.ActiveCfg = Debug|Any CPU
		{56550DA9-7B07-4978-91A5-2DE92FCB201A}.Debug|Any CPU.Build.0 = Debug|Any CPU
		{56550DA9-7B07-4978-91A5-2DE92FCB201A}.Release|Any CPU.ActiveCfg = Release|Any CPU
		{56550DA9-7B07-4978-91A5-2DE92FCB201A}.Release|Any CPU.Build.0 = Release|Any CPU
		{16E07D14-EBFF-4A43-9C48-87FE25E88E28}.Debug|Any CPU.ActiveCfg = Debug|Any CPU
		{16E07D14-EBFF-4A43-9C48-87FE25E88E28}.Debug|Any CPU.Build.0 = Debug|Any CPU
		{16E07D14-EBFF-4A43-9C48-87FE25E88E28}.Release|Any CPU.ActiveCfg = Release|Any CPU
		{16E07D14-EBFF-4A43-9C48-87FE25E88E28}.Release|Any CPU.Build.0 = Release|Any CPU
	EndGlobalSection
	GlobalSection(SolutionProperties) = preSolution
		HideSolutionNode = FALSE
	EndGlobalSection
	GlobalSection(NestedProjects) = preSolution
		{C19EA87B-D644-46E7-A6E5-B31B32D4D297} = {D51696D2-D68D-409E-8E67-9A93A4C5147C}
		{E0E160C5-8A54-479E-AD27-918521ED0E57} = {D51696D2-D68D-409E-8E67-9A93A4C5147C}
		{283ABCFF-4C86-407C-ADF5-226FBDEEDBD5} = {D51696D2-D68D-409E-8E67-9A93A4C5147C}
		{73763488-AE44-45E9-8B66-51D58D03F374} = {D51696D2-D68D-409E-8E67-9A93A4C5147C}
		{F0A6B3AA-41F2-4573-B09E-03B28E032386} = {D51696D2-D68D-409E-8E67-9A93A4C5147C}
		{3E1C5A32-8F43-4979-B67C-E28EF459DB75} = {D51696D2-D68D-409E-8E67-9A93A4C5147C}
		{7F41CF82-4FEC-4810-8129-8BD4B6CF94F1} = {D51696D2-D68D-409E-8E67-9A93A4C5147C}
		{038AC762-4A30-4C41-84B5-44053190FB3C} = {D51696D2-D68D-409E-8E67-9A93A4C5147C}
		{4B2C6DF9-CBA2-4894-935C-DEAB4CBD8233} = {D51696D2-D68D-409E-8E67-9A93A4C5147C}
		{12F2DFD5-E94B-4309-886D-2765A15655CB} = {04F94A16-3373-48A0-9E1D-4E349F0C755B}
		{069D8F95-53B2-4E24-82F7-058E18743539} = {04F94A16-3373-48A0-9E1D-4E349F0C755B}
		{6362E0BF-4D42-4E9A-B106-DAC30C78E132} = {5B8D6615-B71C-488F-BBA4-3C60F4ECF581}
		{8C144D8B-4B20-4B5A-AA33-3DEE03086DF0} = {5B8D6615-B71C-488F-BBA4-3C60F4ECF581}
		{79C97E8B-7D19-402A-88A6-36F1A803F36E} = {B4808FD0-6A79-4F7F-80B3-6DE9B62CDBC7}
		{67B939B1-2F77-49CE-9E1D-958D1E34B466} = {B4808FD0-6A79-4F7F-80B3-6DE9B62CDBC7}
		{30F244ED-C082-495C-AA6D-628C877DEB52} = {A64764EA-EE8C-40C4-96D4-84A139DAB4E9}
		{2BFB4908-81D6-43C8-9DDB-074B9554F50A} = {A64764EA-EE8C-40C4-96D4-84A139DAB4E9}
		{56550DA9-7B07-4978-91A5-2DE92FCB201A} = {A64764EA-EE8C-40C4-96D4-84A139DAB4E9}
		{16E07D14-EBFF-4A43-9C48-87FE25E88E28} = {A64764EA-EE8C-40C4-96D4-84A139DAB4E9}
	EndGlobalSection
EndGlobal
