
Microsoft Visual Studio Solution File, Format Version 12.00
# Visual Studio 2012
Project("{FAE04EC0-301F-11D3-BF4B-00C04F79EFBC}") = "Uni2UniDownLoad", "Uni2UniDownLoad\Uni2UniDownLoad.csproj", "{AC27B125-97BD-4F0E-92EC-88354228A896}"
EndProject
Global
	GlobalSection(SolutionConfigurationPlatforms) = preSolution
		Debug|Any CPU = Debug|Any CPU
		Release|Any CPU = Release|Any CPU
	EndGlobalSection
	GlobalSection(ProjectConfigurationPlatforms) = postSolution
		{AC27B125-97BD-4F0E-92EC-88354228A896}.Debug|Any CPU.ActiveCfg = Debug|Any CPU
		{AC27B125-97BD-4F0E-92EC-88354228A896}.Debug|Any CPU.Build.0 = Debug|Any CPU
		{AC27B125-97BD-4F0E-92EC-88354228A896}.Release|Any CPU.ActiveCfg = Release|Any CPU
		{AC27B125-97BD-4F0E-92EC-88354228A896}.Release|Any CPU.Build.0 = Release|Any CPU
	EndGlobalSection
	GlobalSection(SolutionProperties) = preSolution
		HideSolutionNode = FALSE
	EndGlobalSection
EndGlobal
