
Microsoft Visual Studio Solution File, Format Version 12.00
# Visual Studio 2012
Project("{FAE04EC0-301F-11D3-BF4B-00C04F79EFBC}") = "UnityTest", "UnityTest\UnityTest.csproj", "{ED2AB2DF-CB93-4BF4-B135-0CCB379566BF}"
EndProject
Project("{FAE04EC0-301F-11D3-BF4B-00C04F79EFBC}") = "IDal", "IDal\IDal.csproj", "{4352A22B-295A-4232-9648-EE89215F2F58}"
EndProject
Project("{FAE04EC0-301F-11D3-BF4B-00C04F79EFBC}") = "Dal", "Dal\Dal.csproj", "{6F5A295D-D3A1-430C-A514-BAC0C1CBBB4B}"
EndProject
Global
	GlobalSection(SolutionConfigurationPlatforms) = preSolution
		Debug|Any CPU = Debug|Any CPU
		Release|Any CPU = Release|Any CPU
	EndGlobalSection
	GlobalSection(ProjectConfigurationPlatforms) = postSolution
		{ED2AB2DF-CB93-4BF4-B135-0CCB379566BF}.Debug|Any CPU.ActiveCfg = Debug|Any CPU
		{ED2AB2DF-CB93-4BF4-B135-0CCB379566BF}.Debug|Any CPU.Build.0 = Debug|Any CPU
		{ED2AB2DF-CB93-4BF4-B135-0CCB379566BF}.Release|Any CPU.ActiveCfg = Release|Any CPU
		{ED2AB2DF-CB93-4BF4-B135-0CCB379566BF}.Release|Any CPU.Build.0 = Release|Any CPU
		{4352A22B-295A-4232-9648-EE89215F2F58}.Debug|Any CPU.ActiveCfg = Debug|Any CPU
		{4352A22B-295A-4232-9648-EE89215F2F58}.Debug|Any CPU.Build.0 = Debug|Any CPU
		{4352A22B-295A-4232-9648-EE89215F2F58}.Release|Any CPU.ActiveCfg = Release|Any CPU
		{4352A22B-295A-4232-9648-EE89215F2F58}.Release|Any CPU.Build.0 = Release|Any CPU
		{6F5A295D-D3A1-430C-A514-BAC0C1CBBB4B}.Debug|Any CPU.ActiveCfg = Debug|Any CPU
		{6F5A295D-D3A1-430C-A514-BAC0C1CBBB4B}.Debug|Any CPU.Build.0 = Debug|Any CPU
		{6F5A295D-D3A1-430C-A514-BAC0C1CBBB4B}.Release|Any CPU.ActiveCfg = Release|Any CPU
		{6F5A295D-D3A1-430C-A514-BAC0C1CBBB4B}.Release|Any CPU.Build.0 = Release|Any CPU
	EndGlobalSection
	GlobalSection(SolutionProperties) = preSolution
		HideSolutionNode = FALSE
	EndGlobalSection
EndGlobal
